{
  "version": 4,
  "terraform_version": "1.8.2",
  "serial": 4031,
  "lineage": "178ef1f1-0788-6441-591b-fe1c67bcead7",
  "outputs": {},
  "resources": [
    {
      "mode": "data",
      "type": "google_kms_key_ring",
      "name": "my_key_ring",
      "provider": "provider[\"registry.terraform.io/hashicorp/google\"]",
      "instances": [
        {
          "schema_version": 0,
          "attributes": {
            "id": "projects/project4-414017/locations/us-east4/keyRings/my-key-ring",
            "location": "us-east4",
            "name": "my-key-ring",
            "project": "project4-414017"
          },
          "sensitive_attributes": []
        }
      ]
    },
    {
      "mode": "data",
      "type": "google_project",
      "name": "project",
      "provider": "provider[\"registry.terraform.io/hashicorp/google\"]",
      "instances": [
        {
          "schema_version": 0,
          "attributes": {
            "auto_create_network": null,
            "billing_account": null,
            "effective_labels": {},
            "folder_id": null,
            "id": "projects/project4-414017",
            "labels": {},
            "name": "Project4",
            "number": "1046333155468",
            "org_id": null,
            "project_id": "project4-414017",
            "skip_delete": null,
            "terraform_labels": {}
          },
          "sensitive_attributes": []
        }
      ]
    },
    {
      "mode": "managed",
      "type": "google_compute_autoscaler",
      "name": "default",
      "provider": "provider[\"registry.terraform.io/hashicorp/google\"]",
      "instances": [
        {
          "schema_version": 0,
          "attributes": {
            "autoscaling_policy": [
              {
                "cooldown_period": 60,
                "cpu_utilization": [
                  {
                    "predictive_method": "NONE",
                    "target": 0.05
                  }
                ],
                "load_balancing_utilization": [],
                "max_replicas": 5,
                "metric": [],
                "min_replicas": 1,
                "mode": "ON",
                "scale_in_control": [],
                "scaling_schedules": []
              }
            ],
            "creation_timestamp": "2024-07-10T11:10:13.420-07:00",
            "description": "",
            "id": "projects/project4-414017/zones/us-east4-b/autoscalers/my-autoscaler",
            "name": "my-autoscaler",
            "project": "project4-414017",
            "self_link": "https://www.googleapis.com/compute/v1/projects/project4-414017/zones/us-east4-b/autoscalers/my-autoscaler",
            "target": "https://www.googleapis.com/compute/v1/projects/project4-414017/zones/us-east4-b/instanceGroupManagers/l7-xlb-mig1",
            "timeouts": null,
            "zone": "us-east4-b"
          },
          "sensitive_attributes": [],
          "private": "eyJlMmJmYjczMC1lY2FhLTExZTYtOGY4OC0zNDM2M2JjN2M0YzAiOnsiY3JlYXRlIjoxMjAwMDAwMDAwMDAwLCJkZWxldGUiOjEyMDAwMDAwMDAwMDAsInVwZGF0ZSI6MTIwMDAwMDAwMDAwMH19",
          "dependencies": [
            "data.google_kms_key_ring.my_key_ring",
            "google_compute_global_address.private_ip_address",
            "google_compute_instance_group_manager.default",
            "google_compute_instance_template.example_instance",
            "google_compute_network.vpc",
            "google_compute_subnetwork.webapp_subnet1",
            "google_kms_crypto_key.key",
            "google_kms_crypto_key.vm_key1",
            "google_service_account.service_account",
            "google_service_networking_connection.private_vpc_connection",
            "google_sql_database_instance.main",
            "google_sql_user.users",
            "random_password.password"
          ]
        }
      ]
    },
    {
      "mode": "managed",
      "type": "google_compute_backend_service",
      "name": "default",
      "provider": "provider[\"registry.terraform.io/hashicorp/google\"]",
      "instances": [
        {
          "schema_version": 1,
          "attributes": {
            "affinity_cookie_ttl_sec": 0,
            "backend": [
              {
                "balancing_mode": "UTILIZATION",
                "capacity_scaler": 1,
                "description": "",
                "group": "https://www.googleapis.com/compute/v1/projects/project4-414017/zones/us-east4-b/instanceGroups/l7-xlb-mig1",
                "max_connections": 0,
                "max_connections_per_endpoint": 0,
                "max_connections_per_instance": 0,
                "max_rate": 0,
                "max_rate_per_endpoint": 0,
                "max_rate_per_instance": 0,
                "max_utilization": 0
              }
            ],
            "cdn_policy": [],
            "circuit_breakers": [],
            "compression_mode": "",
            "connection_draining_timeout_sec": 300,
            "consistent_hash": [],
            "creation_timestamp": "2024-07-10T11:10:14.551-07:00",
            "custom_request_headers": null,
            "custom_response_headers": null,
            "description": "",
            "edge_security_policy": "",
            "enable_cdn": false,
            "fingerprint": "r9RNezfhdNs=",
            "generated_id": 3006028646984151145,
            "health_checks": [
              "projects/project4-414017/global/healthChecks/l7-xlb-hc"
            ],
            "iap": [],
            "id": "projects/project4-414017/global/backendServices/l7-xlb-backend-service",
            "load_balancing_scheme": "EXTERNAL",
            "locality_lb_policies": [],
            "locality_lb_policy": "",
            "log_config": [],
            "name": "l7-xlb-backend-service",
            "outlier_detection": [],
            "port_name": "http",
            "project": "project4-414017",
            "protocol": "HTTP",
            "security_policy": "",
            "security_settings": [],
            "self_link": "https://www.googleapis.com/compute/v1/projects/project4-414017/global/backendServices/l7-xlb-backend-service",
            "service_lb_policy": "",
            "session_affinity": "NONE",
            "timeout_sec": 10,
            "timeouts": null
          },
          "sensitive_attributes": [],
          "private": "eyJlMmJmYjczMC1lY2FhLTExZTYtOGY4OC0zNDM2M2JjN2M0YzAiOnsiY3JlYXRlIjoxMjAwMDAwMDAwMDAwLCJkZWxldGUiOjEyMDAwMDAwMDAwMDAsInVwZGF0ZSI6MTIwMDAwMDAwMDAwMH0sInNjaGVtYV92ZXJzaW9uIjoiMSJ9",
          "dependencies": [
            "data.google_kms_key_ring.my_key_ring",
            "google_compute_global_address.private_ip_address",
            "google_compute_health_check.default",
            "google_compute_instance_group_manager.default",
            "google_compute_instance_template.example_instance",
            "google_compute_network.vpc",
            "google_compute_subnetwork.webapp_subnet1",
            "google_kms_crypto_key.key",
            "google_kms_crypto_key.vm_key1",
            "google_service_account.service_account",
            "google_service_networking_connection.private_vpc_connection",
            "google_sql_database_instance.main",
            "google_sql_user.users",
            "random_password.password"
          ]
        }
      ]
    },
    {
      "mode": "managed",
      "type": "google_compute_firewall",
      "name": "allow_app_traffic",
      "provider": "provider[\"registry.terraform.io/hashicorp/google\"]",
      "instances": [
        {
          "schema_version": 1,
          "attributes": {
            "allow": [
              {
                "ports": [],
                "protocol": "all"
              }
            ],
            "creation_timestamp": "2024-07-10T11:01:38.075-07:00",
            "deny": [],
            "description": "",
            "destination_ranges": [],
            "direction": "INGRESS",
            "disabled": false,
            "enable_logging": null,
            "id": "projects/project4-414017/global/firewalls/example-firewall",
            "log_config": [],
            "name": "example-firewall",
            "network": "https://www.googleapis.com/compute/v1/projects/project4-414017/global/networks/cloudassignmentvpc4",
            "priority": 1000,
            "project": "project4-414017",
            "self_link": "https://www.googleapis.com/compute/v1/projects/project4-414017/global/firewalls/example-firewall",
            "source_ranges": [
              "0.0.0.0/0"
            ],
            "source_service_accounts": [],
            "source_tags": [],
            "target_service_accounts": [
              "cloudass4serviceaccount@project4-414017.iam.gserviceaccount.com",
              "service-account-id@project4-414017.iam.gserviceaccount.com"
            ],
            "target_tags": [],
            "timeouts": null
          },
          "sensitive_attributes": [],
          "private": "eyJlMmJmYjczMC1lY2FhLTExZTYtOGY4OC0zNDM2M2JjN2M0YzAiOnsiY3JlYXRlIjoxMjAwMDAwMDAwMDAwLCJkZWxldGUiOjEyMDAwMDAwMDAwMDAsInVwZGF0ZSI6MTIwMDAwMDAwMDAwMH0sInNjaGVtYV92ZXJzaW9uIjoiMSJ9",
          "dependencies": [
            "google_compute_network.vpc",
            "google_service_account.service_account"
          ]
        }
      ]
    },
    {
      "mode": "managed",
      "type": "google_compute_global_address",
      "name": "lb_1",
      "provider": "provider[\"registry.terraform.io/hashicorp/google\"]",
      "instances": [
        {
          "schema_version": 0,
          "attributes": {
            "address": "35.227.230.40",
            "address_type": "EXTERNAL",
            "creation_timestamp": "2024-07-10T11:06:03.893-07:00",
            "description": "",
            "id": "projects/project4-414017/global/addresses/l7-xlb-static-ip",
            "ip_version": "",
            "name": "l7-xlb-static-ip",
            "network": "",
            "prefix_length": 0,
            "project": "project4-414017",
            "purpose": "",
            "self_link": "https://www.googleapis.com/compute/v1/projects/project4-414017/global/addresses/l7-xlb-static-ip",
            "timeouts": null
          },
          "sensitive_attributes": [],
          "private": "eyJlMmJmYjczMC1lY2FhLTExZTYtOGY4OC0zNDM2M2JjN2M0YzAiOnsiY3JlYXRlIjoxMjAwMDAwMDAwMDAwLCJkZWxldGUiOjEyMDAwMDAwMDAwMDB9fQ=="
        }
      ]
    },
    {
      "mode": "managed",
      "type": "google_compute_global_address",
      "name": "private_ip_address",
      "provider": "provider[\"registry.terraform.io/hashicorp/google\"]",
      "instances": [
        {
          "schema_version": 0,
          "attributes": {
            "address": "10.181.0.0",
            "address_type": "INTERNAL",
            "creation_timestamp": "2024-07-10T11:01:37.836-07:00",
            "description": "",
            "id": "projects/project4-414017/global/addresses/private-ip-address",
            "ip_version": "",
            "name": "private-ip-address",
            "network": "https://www.googleapis.com/compute/v1/projects/project4-414017/global/networks/cloudassignmentvpc4",
            "prefix_length": 16,
            "project": "project4-414017",
            "purpose": "VPC_PEERING",
            "self_link": "https://www.googleapis.com/compute/v1/projects/project4-414017/global/addresses/private-ip-address",
            "timeouts": null
          },
          "sensitive_attributes": [],
          "private": "eyJlMmJmYjczMC1lY2FhLTExZTYtOGY4OC0zNDM2M2JjN2M0YzAiOnsiY3JlYXRlIjoxMjAwMDAwMDAwMDAwLCJkZWxldGUiOjEyMDAwMDAwMDAwMDB9fQ==",
          "dependencies": [
            "google_compute_network.vpc"
          ]
        }
      ]
    },
    {
      "mode": "managed",
      "type": "google_compute_global_forwarding_rule",
      "name": "http_forwarding_rule",
      "provider": "provider[\"registry.terraform.io/hashicorp/google\"]",
      "instances": [
        {
          "schema_version": 0,
          "attributes": {
            "base_forwarding_rule": "",
            "description": "",
            "effective_labels": {},
            "id": "projects/project4-414017/global/forwardingRules/l7-xlb-forwarding-rule-http",
            "ip_address": "35.227.230.40",
            "ip_protocol": "TCP",
            "ip_version": "",
            "label_fingerprint": "42WmSpB8rSM=",
            "labels": null,
            "load_balancing_scheme": "EXTERNAL",
            "metadata_filters": [],
            "name": "l7-xlb-forwarding-rule-http",
            "network": "",
            "no_automate_dns_zone": null,
            "port_range": "443-443",
            "project": "project4-414017",
            "psc_connection_id": "",
            "psc_connection_status": "",
            "self_link": "https://www.googleapis.com/compute/v1/projects/project4-414017/global/forwardingRules/l7-xlb-forwarding-rule-http",
            "service_directory_registrations": [],
            "source_ip_ranges": null,
            "subnetwork": "",
            "target": "https://www.googleapis.com/compute/v1/projects/project4-414017/global/targetHttpsProxies/l7-xlb-target-http-proxy",
            "terraform_labels": {},
            "timeouts": null
          },
          "sensitive_attributes": [],
          "private": "eyJlMmJmYjczMC1lY2FhLTExZTYtOGY4OC0zNDM2M2JjN2M0YzAiOnsiY3JlYXRlIjoxMjAwMDAwMDAwMDAwLCJkZWxldGUiOjEyMDAwMDAwMDAwMDAsInVwZGF0ZSI6MTIwMDAwMDAwMDAwMH19",
          "dependencies": [
            "data.google_kms_key_ring.my_key_ring",
            "google_compute_backend_service.default",
            "google_compute_global_address.lb_1",
            "google_compute_global_address.private_ip_address",
            "google_compute_health_check.default",
            "google_compute_instance_group_manager.default",
            "google_compute_instance_template.example_instance",
            "google_compute_managed_ssl_certificate.managed_ssl_cert",
            "google_compute_network.vpc",
            "google_compute_subnetwork.webapp_subnet1",
            "google_compute_target_https_proxy.default",
            "google_compute_url_map.default",
            "google_kms_crypto_key.key",
            "google_kms_crypto_key.vm_key1",
            "google_service_account.service_account",
            "google_service_networking_connection.private_vpc_connection",
            "google_sql_database_instance.main",
            "google_sql_user.users",
            "random_password.password"
          ]
        }
      ]
    },
    {
      "mode": "managed",
      "type": "google_compute_health_check",
      "name": "default",
      "provider": "provider[\"registry.terraform.io/hashicorp/google\"]",
      "instances": [
        {
          "schema_version": 0,
          "attributes": {
            "check_interval_sec": 5,
            "creation_timestamp": "2024-07-10T11:01:26.428-07:00",
            "description": "",
            "grpc_health_check": [],
            "healthy_threshold": 2,
            "http2_health_check": [],
            "http_health_check": [
              {
                "host": "",
                "port": 3000,
                "port_name": "",
                "port_specification": "",
                "proxy_header": "NONE",
                "request_path": "/healthz",
                "response": ""
              }
            ],
            "https_health_check": [],
            "id": "projects/project4-414017/global/healthChecks/l7-xlb-hc",
            "log_config": [
              {
                "enable": false
              }
            ],
            "name": "l7-xlb-hc",
            "project": "project4-414017",
            "self_link": "https://www.googleapis.com/compute/v1/projects/project4-414017/global/healthChecks/l7-xlb-hc",
            "ssl_health_check": [],
            "tcp_health_check": [],
            "timeout_sec": 5,
            "timeouts": null,
            "type": "HTTP",
            "unhealthy_threshold": 2
          },
          "sensitive_attributes": [],
          "private": "eyJlMmJmYjczMC1lY2FhLTExZTYtOGY4OC0zNDM2M2JjN2M0YzAiOnsiY3JlYXRlIjoxMjAwMDAwMDAwMDAwLCJkZWxldGUiOjEyMDAwMDAwMDAwMDAsInVwZGF0ZSI6MTIwMDAwMDAwMDAwMH19"
        }
      ]
    },
    {
      "mode": "managed",
      "type": "google_compute_instance_group_manager",
      "name": "default",
      "provider": "provider[\"registry.terraform.io/hashicorp/google\"]",
      "instances": [
        {
          "schema_version": 0,
          "attributes": {
            "all_instances_config": [],
            "auto_healing_policies": [],
            "base_instance_name": "vm",
            "creation_timestamp": "2024-07-10T11:09:52.604-07:00",
            "description": "",
            "fingerprint": "-bcVzYIN_Mg=",
            "id": "projects/project4-414017/zones/us-east4-b/instanceGroupManagers/l7-xlb-mig1",
            "instance_group": "https://www.googleapis.com/compute/v1/projects/project4-414017/zones/us-east4-b/instanceGroups/l7-xlb-mig1",
            "instance_lifecycle_policy": [
              {
                "default_action_on_failure": "REPAIR",
                "force_update_on_repair": "NO"
              }
            ],
            "list_managed_instances_results": "PAGELESS",
            "name": "l7-xlb-mig1",
            "named_port": [
              {
                "name": "http",
                "port": 3000
              }
            ],
            "operation": null,
            "project": "project4-414017",
            "self_link": "https://www.googleapis.com/compute/v1/projects/project4-414017/zones/us-east4-b/instanceGroupManagers/l7-xlb-mig1",
            "stateful_disk": [],
            "stateful_external_ip": [],
            "stateful_internal_ip": [],
            "status": [
              {
                "all_instances_config": [
                  {
                    "current_revision": "",
                    "effective": true
                  }
                ],
                "is_stable": false,
                "stateful": [
                  {
                    "has_stateful_config": false,
                    "per_instance_configs": [
                      {
                        "all_effective": true
                      }
                    ]
                  }
                ],
                "version_target": [
                  {
                    "is_reached": true
                  }
                ]
              }
            ],
            "target_pools": null,
            "target_size": 1,
            "timeouts": null,
            "update_policy": [
              {
                "max_surge_fixed": 1,
                "max_surge_percent": 0,
                "max_unavailable_fixed": 1,
                "max_unavailable_percent": 0,
                "minimal_action": "REPLACE",
                "most_disruptive_allowed_action": "",
                "replacement_method": "SUBSTITUTE",
                "type": "OPPORTUNISTIC"
              }
            ],
            "version": [
              {
                "instance_template": "https://www.googleapis.com/compute/v1/projects/project4-414017/global/instanceTemplates/instance-20240328-182157",
                "name": "primary",
                "target_size": []
              }
            ],
            "wait_for_instances": false,
            "wait_for_instances_status": "STABLE",
            "zone": "us-east4-b"
          },
          "sensitive_attributes": [],
          "private": "eyJlMmJmYjczMC1lY2FhLTExZTYtOGY4OC0zNDM2M2JjN2M0YzAiOnsiY3JlYXRlIjo5MDAwMDAwMDAwMDAsImRlbGV0ZSI6OTAwMDAwMDAwMDAwLCJ1cGRhdGUiOjkwMDAwMDAwMDAwMH19",
          "dependencies": [
            "data.google_kms_key_ring.my_key_ring",
            "google_compute_global_address.private_ip_address",
            "google_compute_instance_template.example_instance",
            "google_compute_network.vpc",
            "google_compute_subnetwork.webapp_subnet1",
            "google_kms_crypto_key.key",
            "google_kms_crypto_key.vm_key1",
            "google_service_account.service_account",
            "google_service_networking_connection.private_vpc_connection",
            "google_sql_database_instance.main",
            "google_sql_user.users",
            "random_password.password"
          ]
        }
      ]
    },
    {
      "mode": "managed",
      "type": "google_compute_instance_template",
      "name": "example_instance",
      "provider": "provider[\"registry.terraform.io/hashicorp/google\"]",
      "instances": [
        {
          "schema_version": 1,
          "attributes": {
            "advanced_machine_features": [],
            "can_ip_forward": false,
            "confidential_instance_config": null,
            "description": "This template is used to create app server instances.",
            "disk": [
              {
                "auto_delete": true,
                "boot": true,
                "device_name": "persistent-disk-0",
                "disk_encryption_key": [
                  {
                    "kms_key_self_link": "projects/project4-414017/locations/us-east4/keyRings/my-key-ring/cryptoKeys/vm-key10"
                  }
                ],
                "disk_name": "",
                "disk_size_gb": 0,
                "disk_type": "pd-standard",
                "interface": "SCSI",
                "labels": null,
                "mode": "READ_WRITE",
                "provisioned_iops": 0,
                "resource_manager_tags": null,
                "resource_policies": null,
                "source": "",
                "source_image": "projects/project4-414017/global/images/centos-stream9-1718918126",
                "source_image_encryption_key": [],
                "source_snapshot": "",
                "source_snapshot_encryption_key": [],
                "type": "PERSISTENT"
              }
            ],
            "effective_labels": {},
            "guest_accelerator": [],
            "id": "projects/project4-414017/global/instanceTemplates/instance-20240328-182157",
            "instance_description": "",
            "labels": null,
            "machine_type": "e2-medium",
            "metadata": null,
            "metadata_fingerprint": "lCjfm-zsw8E=",
            "metadata_startup_script": "  #!/bin/bash\n\n  # Create an empty .env file in the root directory\n\n  touch  /opt/csye6225/webapp/config/.env\n\n  # Add content to the .env file\n  cat \u003c\u003cEOL \u003e /opt/csye6225/webapp/config/.env\nDB_HOST=10.181.0.2\nDB_USER=webapp\nDB_PASS=CrmTLkFO7hdRmjFs\nDB_NAME='webapp'\nDB_PORT=5432\n  EOL\n\n  #sudo -i\n\n  #sudo chown -R postgres /opt/csye6225\n\n  #sudo -i -u postgres\n\n  #cd /opt/csye6225/webapp\n\n  #sudo npm install dotenv\n\n  #cd\n\n  #sudo -i -u postgres\n\n  sudo systemctl restart bootup\n\n",
            "min_cpu_platform": "",
            "name": "instance-20240328-182157",
            "name_prefix": null,
            "network_interface": [
              {
                "access_config": [
                  {
                    "nat_ip": "",
                    "network_tier": "PREMIUM",
                    "public_ptr_domain_name": ""
                  }
                ],
                "alias_ip_range": [],
                "internal_ipv6_prefix_length": 0,
                "ipv6_access_config": [],
                "ipv6_access_type": "",
                "ipv6_address": "",
                "name": "nic0",
                "network": "https://www.googleapis.com/compute/v1/projects/project4-414017/global/networks/cloudassignmentvpc4",
                "network_ip": "",
                "nic_type": "",
                "queue_count": 0,
                "stack_type": "",
                "subnetwork": "https://www.googleapis.com/compute/v1/projects/project4-414017/regions/us-east4/subnetworks/webapp1",
                "subnetwork_project": "project4-414017"
              }
            ],
            "network_performance_config": [],
            "project": "project4-414017",
            "region": "us-east4",
            "reservation_affinity": [],
            "resource_manager_tags": null,
            "resource_policies": null,
            "scheduling": [
              {
                "automatic_restart": true,
                "instance_termination_action": "",
                "local_ssd_recovery_timeout": [],
                "min_node_cpus": 0,
                "node_affinities": [],
                "on_host_maintenance": "MIGRATE",
                "preemptible": false,
                "provisioning_model": "STANDARD"
              }
            ],
            "self_link": "https://www.googleapis.com/compute/v1/projects/project4-414017/global/instanceTemplates/instance-20240328-182157",
            "self_link_unique": "https://www.googleapis.com/compute/v1/projects/project4-414017/global/instanceTemplates/instance-20240328-182157?uniqueId=618432082047365259",
            "service_account": [
              {
                "email": "service-account-id@project4-414017.iam.gserviceaccount.com",
                "scopes": [
                  "https://www.googleapis.com/auth/cloud-platform"
                ]
              }
            ],
            "shielded_instance_config": [],
            "tags": null,
            "tags_fingerprint": "",
            "terraform_labels": {},
            "timeouts": null
          },
          "sensitive_attributes": [
            [
              {
                "type": "get_attr",
                "value": "metadata_startup_script"
              }
            ]
          ],
          "private": "eyJlMmJmYjczMC1lY2FhLTExZTYtOGY4OC0zNDM2M2JjN2M0YzAiOnsiY3JlYXRlIjoyNDAwMDAwMDAwMDAsImRlbGV0ZSI6MjQwMDAwMDAwMDAwfSwic2NoZW1hX3ZlcnNpb24iOiIxIn0=",
          "dependencies": [
            "data.google_kms_key_ring.my_key_ring",
            "google_compute_global_address.private_ip_address",
            "google_compute_network.vpc",
            "google_compute_subnetwork.webapp_subnet1",
            "google_kms_crypto_key.key",
            "google_kms_crypto_key.vm_key1",
            "google_service_account.service_account",
            "google_service_networking_connection.private_vpc_connection",
            "google_sql_database_instance.main",
            "google_sql_user.users",
            "random_password.password"
          ]
        }
      ]
    },
    {
      "mode": "managed",
      "type": "google_compute_managed_ssl_certificate",
      "name": "managed_ssl_cert",
      "provider": "provider[\"registry.terraform.io/hashicorp/google\"]",
      "instances": [
        {
          "schema_version": 0,
          "attributes": {
            "certificate_id": 2492246392540721817,
            "creation_timestamp": "2024-07-10T11:01:26.427-07:00",
            "description": "",
            "expire_time": "",
            "id": "projects/project4-414017/global/sslCertificates/managed-ssl-cert",
            "managed": [
              {
                "domains": [
                  "allgoodtech.me"
                ]
              }
            ],
            "name": "managed-ssl-cert",
            "project": "project4-414017",
            "self_link": "https://www.googleapis.com/compute/v1/projects/project4-414017/global/sslCertificates/managed-ssl-cert",
            "subject_alternative_names": [],
            "timeouts": null,
            "type": "MANAGED"
          },
          "sensitive_attributes": [],
          "private": "eyJlMmJmYjczMC1lY2FhLTExZTYtOGY4OC0zNDM2M2JjN2M0YzAiOnsiY3JlYXRlIjoxODAwMDAwMDAwMDAwLCJkZWxldGUiOjE4MDAwMDAwMDAwMDB9fQ=="
        }
      ]
    },
    {
      "mode": "managed",
      "type": "google_compute_network",
      "name": "vpc",
      "provider": "provider[\"registry.terraform.io/hashicorp/google\"]",
      "instances": [
        {
          "schema_version": 0,
          "attributes": {
            "auto_create_subnetworks": false,
            "delete_default_routes_on_create": false,
            "description": "",
            "enable_ula_internal_ipv6": false,
            "gateway_ipv4": "",
            "id": "projects/project4-414017/global/networks/cloudassignmentvpc4",
            "internal_ipv6_range": "",
            "mtu": 0,
            "name": "cloudassignmentvpc4",
            "network_firewall_policy_enforcement_order": "AFTER_CLASSIC_FIREWALL",
            "numeric_id": "50234679317721753",
            "project": "project4-414017",
            "routing_mode": "REGIONAL",
            "self_link": "https://www.googleapis.com/compute/v1/projects/project4-414017/global/networks/cloudassignmentvpc4",
            "timeouts": null
          },
          "sensitive_attributes": [],
          "private": "eyJlMmJmYjczMC1lY2FhLTExZTYtOGY4OC0zNDM2M2JjN2M0YzAiOnsiY3JlYXRlIjoxMjAwMDAwMDAwMDAwLCJkZWxldGUiOjEyMDAwMDAwMDAwMDAsInVwZGF0ZSI6MTIwMDAwMDAwMDAwMH19"
        }
      ]
    },
    {
      "mode": "managed",
      "type": "google_compute_route",
      "name": "webapp_route",
      "provider": "provider[\"registry.terraform.io/hashicorp/google\"]",
      "instances": [
        {
          "schema_version": 0,
          "attributes": {
            "description": "",
            "dest_range": "0.0.0.0/0",
            "id": "projects/project4-414017/global/routes/webapp-route2",
            "name": "webapp-route2",
            "network": "https://www.googleapis.com/compute/v1/projects/project4-414017/global/networks/cloudassignmentvpc4",
            "next_hop_gateway": "https://www.googleapis.com/compute/v1/projects/project4-414017/global/gateways/default-internet-gateway",
            "next_hop_ilb": "",
            "next_hop_instance": "",
            "next_hop_instance_zone": null,
            "next_hop_ip": "",
            "next_hop_network": "",
            "next_hop_vpn_tunnel": "",
            "priority": 1000,
            "project": "project4-414017",
            "self_link": "https://www.googleapis.com/compute/v1/projects/project4-414017/global/routes/webapp-route2",
            "tags": [
              "webapp1"
            ],
            "timeouts": null
          },
          "sensitive_attributes": [],
          "private": "eyJlMmJmYjczMC1lY2FhLTExZTYtOGY4OC0zNDM2M2JjN2M0YzAiOnsiY3JlYXRlIjoxMjAwMDAwMDAwMDAwLCJkZWxldGUiOjEyMDAwMDAwMDAwMDB9fQ==",
          "dependencies": [
            "google_compute_network.vpc"
          ]
        }
      ]
    },
    {
      "mode": "managed",
      "type": "google_compute_subnetwork",
      "name": "webapp_subnet1",
      "provider": "provider[\"registry.terraform.io/hashicorp/google\"]",
      "instances": [
        {
          "schema_version": 0,
          "attributes": {
            "creation_timestamp": "2024-07-10T11:01:37.960-07:00",
            "description": "",
            "external_ipv6_prefix": "",
            "fingerprint": null,
            "gateway_address": "10.0.5.1",
            "id": "projects/project4-414017/regions/us-east4/subnetworks/webapp1",
            "internal_ipv6_prefix": "",
            "ip_cidr_range": "10.0.5.0/24",
            "ipv6_access_type": "",
            "ipv6_cidr_range": "",
            "log_config": [],
            "name": "webapp1",
            "network": "https://www.googleapis.com/compute/v1/projects/project4-414017/global/networks/cloudassignmentvpc4",
            "private_ip_google_access": false,
            "private_ipv6_google_access": "DISABLE_GOOGLE_ACCESS",
            "project": "project4-414017",
            "purpose": "PRIVATE",
            "region": "us-east4",
            "role": "",
            "secondary_ip_range": [],
            "self_link": "https://www.googleapis.com/compute/v1/projects/project4-414017/regions/us-east4/subnetworks/webapp1",
            "stack_type": "IPV4_ONLY",
            "timeouts": null
          },
          "sensitive_attributes": [],
          "private": "eyJlMmJmYjczMC1lY2FhLTExZTYtOGY4OC0zNDM2M2JjN2M0YzAiOnsiY3JlYXRlIjoxMjAwMDAwMDAwMDAwLCJkZWxldGUiOjEyMDAwMDAwMDAwMDAsInVwZGF0ZSI6MTIwMDAwMDAwMDAwMH19",
          "dependencies": [
            "google_compute_network.vpc"
          ]
        }
      ]
    },
    {
      "mode": "managed",
      "type": "google_compute_target_https_proxy",
      "name": "default",
      "provider": "provider[\"registry.terraform.io/hashicorp/google\"]",
      "instances": [
        {
          "schema_version": 0,
          "attributes": {
            "certificate_manager_certificates": null,
            "certificate_map": "",
            "creation_timestamp": "2024-07-10T11:10:58.042-07:00",
            "description": "",
            "http_keep_alive_timeout_sec": 0,
            "id": "projects/project4-414017/global/targetHttpsProxies/l7-xlb-target-http-proxy",
            "name": "l7-xlb-target-http-proxy",
            "project": "project4-414017",
            "proxy_bind": false,
            "proxy_id": 3731287527645212765,
            "quic_override": "NONE",
            "self_link": "https://www.googleapis.com/compute/v1/projects/project4-414017/global/targetHttpsProxies/l7-xlb-target-http-proxy",
            "server_tls_policy": "",
            "ssl_certificates": [
              "https://www.googleapis.com/compute/v1/projects/project4-414017/global/sslCertificates/managed-ssl-cert"
            ],
            "ssl_policy": "",
            "timeouts": null,
            "url_map": "https://www.googleapis.com/compute/v1/projects/project4-414017/global/urlMaps/l7-xlb-url-map"
          },
          "sensitive_attributes": [],
          "private": "eyJlMmJmYjczMC1lY2FhLTExZTYtOGY4OC0zNDM2M2JjN2M0YzAiOnsiY3JlYXRlIjoxMjAwMDAwMDAwMDAwLCJkZWxldGUiOjEyMDAwMDAwMDAwMDAsInVwZGF0ZSI6MTIwMDAwMDAwMDAwMH19",
          "dependencies": [
            "data.google_kms_key_ring.my_key_ring",
            "google_compute_backend_service.default",
            "google_compute_global_address.private_ip_address",
            "google_compute_health_check.default",
            "google_compute_instance_group_manager.default",
            "google_compute_instance_template.example_instance",
            "google_compute_managed_ssl_certificate.managed_ssl_cert",
            "google_compute_network.vpc",
            "google_compute_subnetwork.webapp_subnet1",
            "google_compute_url_map.default",
            "google_kms_crypto_key.key",
            "google_kms_crypto_key.vm_key1",
            "google_service_account.service_account",
            "google_service_networking_connection.private_vpc_connection",
            "google_sql_database_instance.main",
            "google_sql_user.users",
            "random_password.password"
          ]
        }
      ]
    },
    {
      "mode": "managed",
      "type": "google_compute_url_map",
      "name": "default",
      "provider": "provider[\"registry.terraform.io/hashicorp/google\"]",
      "instances": [
        {
          "schema_version": 0,
          "attributes": {
            "creation_timestamp": "2024-07-10T11:10:46.546-07:00",
            "default_route_action": [],
            "default_service": "https://www.googleapis.com/compute/v1/projects/project4-414017/global/backendServices/l7-xlb-backend-service",
            "default_url_redirect": [],
            "description": "",
            "fingerprint": "AbDTQtkqeDo=",
            "header_action": [],
            "host_rule": [],
            "id": "projects/project4-414017/global/urlMaps/l7-xlb-url-map",
            "map_id": 5260552045460680777,
            "name": "l7-xlb-url-map",
            "path_matcher": [],
            "project": "project4-414017",
            "self_link": "https://www.googleapis.com/compute/v1/projects/project4-414017/global/urlMaps/l7-xlb-url-map",
            "test": [],
            "timeouts": null
          },
          "sensitive_attributes": [],
          "private": "eyJlMmJmYjczMC1lY2FhLTExZTYtOGY4OC0zNDM2M2JjN2M0YzAiOnsiY3JlYXRlIjoxMjAwMDAwMDAwMDAwLCJkZWxldGUiOjEyMDAwMDAwMDAwMDAsInVwZGF0ZSI6MTIwMDAwMDAwMDAwMH19",
          "dependencies": [
            "data.google_kms_key_ring.my_key_ring",
            "google_compute_backend_service.default",
            "google_compute_global_address.private_ip_address",
            "google_compute_health_check.default",
            "google_compute_instance_group_manager.default",
            "google_compute_instance_template.example_instance",
            "google_compute_network.vpc",
            "google_compute_subnetwork.webapp_subnet1",
            "google_kms_crypto_key.key",
            "google_kms_crypto_key.vm_key1",
            "google_service_account.service_account",
            "google_service_networking_connection.private_vpc_connection",
            "google_sql_database_instance.main",
            "google_sql_user.users",
            "random_password.password"
          ]
        }
      ]
    },
    {
      "mode": "managed",
      "type": "google_dns_record_set",
      "name": "a_record",
      "provider": "provider[\"registry.terraform.io/hashicorp/google\"]",
      "instances": [
        {
          "schema_version": 0,
          "attributes": {
            "id": "projects/project4-414017/managedZones/cloudzone1/rrsets/allgoodtech.me./A",
            "managed_zone": "cloudzone1",
            "name": "allgoodtech.me.",
            "project": "project4-414017",
            "routing_policy": [],
            "rrdatas": [
              "35.227.230.40"
            ],
            "ttl": 300,
            "type": "A"
          },
          "sensitive_attributes": [],
          "private": "bnVsbA==",
          "dependencies": [
            "google_compute_global_address.lb_1"
          ]
        }
      ]
    },
    {
      "mode": "managed",
      "type": "google_kms_crypto_key",
      "name": "key",
      "provider": "provider[\"registry.terraform.io/hashicorp/google\"]",
      "instances": [
        {
          "schema_version": 1,
          "attributes": {
            "crypto_key_backend": "",
            "destroy_scheduled_duration": "2592000s",
            "effective_labels": {},
            "id": "projects/project4-414017/locations/us-east4/keyRings/my-key-ring/cryptoKeys/crypto-key-name9",
            "import_only": false,
            "key_ring": "projects/project4-414017/locations/us-east4/keyRings/my-key-ring",
            "labels": null,
            "name": "crypto-key-name9",
            "primary": [
              {
                "name": "projects/project4-414017/locations/us-east4/keyRings/my-key-ring/cryptoKeys/crypto-key-name9/cryptoKeyVersions/1",
                "state": "ENABLED"
              }
            ],
            "purpose": "ENCRYPT_DECRYPT",
            "rotation_period": "",
            "skip_initial_version_creation": false,
            "terraform_labels": {},
            "timeouts": null,
            "version_template": [
              {
                "algorithm": "GOOGLE_SYMMETRIC_ENCRYPTION",
                "protection_level": "SOFTWARE"
              }
            ]
          },
          "sensitive_attributes": [],
          "private": "eyJlMmJmYjczMC1lY2FhLTExZTYtOGY4OC0zNDM2M2JjN2M0YzAiOnsiY3JlYXRlIjoxMjAwMDAwMDAwMDAwLCJkZWxldGUiOjEyMDAwMDAwMDAwMDAsInVwZGF0ZSI6MTIwMDAwMDAwMDAwMH0sInNjaGVtYV92ZXJzaW9uIjoiMSJ9",
          "dependencies": [
            "data.google_kms_key_ring.my_key_ring"
          ]
        }
      ]
    },
    {
      "mode": "managed",
      "type": "google_kms_crypto_key",
      "name": "vm_key1",
      "provider": "provider[\"registry.terraform.io/hashicorp/google\"]",
      "instances": [
        {
          "schema_version": 1,
          "attributes": {
            "crypto_key_backend": "",
            "destroy_scheduled_duration": "2592000s",
            "effective_labels": {},
            "id": "projects/project4-414017/locations/us-east4/keyRings/my-key-ring/cryptoKeys/vm-key10",
            "import_only": false,
            "key_ring": "projects/project4-414017/locations/us-east4/keyRings/my-key-ring",
            "labels": null,
            "name": "vm-key10",
            "primary": [
              {
                "name": "projects/project4-414017/locations/us-east4/keyRings/my-key-ring/cryptoKeys/vm-key10/cryptoKeyVersions/1",
                "state": "ENABLED"
              }
            ],
            "purpose": "ENCRYPT_DECRYPT",
            "rotation_period": "2592000s",
            "skip_initial_version_creation": false,
            "terraform_labels": {},
            "timeouts": null,
            "version_template": [
              {
                "algorithm": "GOOGLE_SYMMETRIC_ENCRYPTION",
                "protection_level": "SOFTWARE"
              }
            ]
          },
          "sensitive_attributes": [],
          "private": "eyJlMmJmYjczMC1lY2FhLTExZTYtOGY4OC0zNDM2M2JjN2M0YzAiOnsiY3JlYXRlIjoxMjAwMDAwMDAwMDAwLCJkZWxldGUiOjEyMDAwMDAwMDAwMDAsInVwZGF0ZSI6MTIwMDAwMDAwMDAwMH0sInNjaGVtYV92ZXJzaW9uIjoiMSJ9",
          "dependencies": [
            "data.google_kms_key_ring.my_key_ring"
          ]
        }
      ]
    },
    {
      "mode": "managed",
      "type": "google_kms_crypto_key_iam_binding",
      "name": "crypto_key",
      "provider": "provider[\"registry.terraform.io/hashicorp/google\"]",
      "instances": [
        {
          "schema_version": 0,
          "attributes": {
            "condition": [],
            "crypto_key_id": "projects/project4-414017/locations/us-east4/keyRings/my-key-ring/cryptoKeys/crypto-key-name9",
            "etag": "BwYc6H8/lCM=",
            "id": "projects/project4-414017/locations/us-east4/keyRings/my-key-ring/cryptoKeys/crypto-key-name9/roles/cloudkms.cryptoKeyEncrypterDecrypter",
            "members": [
              "serviceAccount:service-1046333155468@gcp-sa-cloud-sql.iam.gserviceaccount.com"
            ],
            "role": "roles/cloudkms.cryptoKeyEncrypterDecrypter"
          },
          "sensitive_attributes": [],
          "private": "bnVsbA==",
          "dependencies": [
            "data.google_kms_key_ring.my_key_ring",
            "google_kms_crypto_key.key",
            "google_project_service_identity.cloudsql_sa"
          ]
        }
      ]
    },
    {
      "mode": "managed",
      "type": "google_kms_crypto_key_iam_binding",
      "name": "vm_enc_decrypt_binding",
      "provider": "provider[\"registry.terraform.io/hashicorp/google\"]",
      "instances": [
        {
          "schema_version": 0,
          "attributes": {
            "condition": [],
            "crypto_key_id": "projects/project4-414017/locations/us-east4/keyRings/my-key-ring/cryptoKeys/vm-key10",
            "etag": "BwYc6H9BIYs=",
            "id": "projects/project4-414017/locations/us-east4/keyRings/my-key-ring/cryptoKeys/vm-key10/roles/cloudkms.cryptoKeyEncrypterDecrypter",
            "members": [
              "serviceAccount:service-1046333155468@compute-system.iam.gserviceaccount.com"
            ],
            "role": "roles/cloudkms.cryptoKeyEncrypterDecrypter"
          },
          "sensitive_attributes": [],
          "private": "bnVsbA==",
          "dependencies": [
            "data.google_kms_key_ring.my_key_ring",
            "data.google_project.project",
            "google_kms_crypto_key.vm_key1"
          ]
        }
      ]
    },
    {
      "mode": "managed",
      "type": "google_project_iam_binding",
      "name": "loggingbinder",
      "provider": "provider[\"registry.terraform.io/hashicorp/google\"]",
      "instances": [
        {
          "schema_version": 0,
          "attributes": {
            "condition": [],
            "etag": "BwYc6HBGepw=",
            "id": "project4-414017/roles/logging.admin",
            "members": [
              "serviceAccount:service-account-id@project4-414017.iam.gserviceaccount.com"
            ],
            "project": "project4-414017",
            "role": "roles/logging.admin"
          },
          "sensitive_attributes": [],
          "private": "bnVsbA==",
          "dependencies": [
            "google_service_account.service_account"
          ]
        }
      ]
    },
    {
      "mode": "managed",
      "type": "google_project_iam_binding",
      "name": "monitoringmetricwriter",
      "provider": "provider[\"registry.terraform.io/hashicorp/google\"]",
      "instances": [
        {
          "schema_version": 0,
          "attributes": {
            "condition": [],
            "etag": "BwYc6HBGepw=",
            "id": "project4-414017/roles/monitoring.metricWriter",
            "members": [
              "serviceAccount:service-account-id@project4-414017.iam.gserviceaccount.com"
            ],
            "project": "project4-414017",
            "role": "roles/monitoring.metricWriter"
          },
          "sensitive_attributes": [],
          "private": "bnVsbA==",
          "dependencies": [
            "google_service_account.service_account"
          ]
        }
      ]
    },
    {
      "mode": "managed",
      "type": "google_project_iam_binding",
      "name": "pubsub_publisher",
      "provider": "provider[\"registry.terraform.io/hashicorp/google\"]",
      "instances": [
        {
          "schema_version": 0,
          "attributes": {
            "condition": [],
            "etag": "BwYc6HBGepw=",
            "id": "project4-414017/roles/pubsub.publisher",
            "members": [
              "serviceAccount:service-account-id@project4-414017.iam.gserviceaccount.com"
            ],
            "project": "project4-414017",
            "role": "roles/pubsub.publisher"
          },
          "sensitive_attributes": [],
          "private": "bnVsbA==",
          "dependencies": [
            "google_service_account.service_account"
          ]
        }
      ]
    },
    {
      "mode": "managed",
      "type": "google_project_service_identity",
      "name": "cloudsql_sa",
      "provider": "provider[\"registry.terraform.io/hashicorp/google-beta\"]",
      "instances": [
        {
          "schema_version": 0,
          "attributes": {
            "email": "service-1046333155468@gcp-sa-cloud-sql.iam.gserviceaccount.com",
            "id": "projects/project4-414017/services/sqladmin.googleapis.com",
            "project": "project4-414017",
            "service": "sqladmin.googleapis.com",
            "timeouts": null
          },
          "sensitive_attributes": [],
          "private": "eyJlMmJmYjczMC1lY2FhLTExZTYtOGY4OC0zNDM2M2JjN2M0YzAiOnsiY3JlYXRlIjoxMjAwMDAwMDAwMDAwLCJkZWxldGUiOjEyMDAwMDAwMDAwMDAsInJlYWQiOjYwMDAwMDAwMDAwMH19"
        }
      ]
    },
    {
      "mode": "managed",
      "type": "google_service_account",
      "name": "service_account",
      "provider": "provider[\"registry.terraform.io/hashicorp/google\"]",
      "instances": [
        {
          "schema_version": 0,
          "attributes": {
            "account_id": "service-account-id",
            "create_ignore_already_exists": null,
            "description": "",
            "disabled": false,
            "display_name": "Service Account",
            "email": "service-account-id@project4-414017.iam.gserviceaccount.com",
            "id": "projects/project4-414017/serviceAccounts/service-account-id@project4-414017.iam.gserviceaccount.com",
            "member": "serviceAccount:service-account-id@project4-414017.iam.gserviceaccount.com",
            "name": "projects/project4-414017/serviceAccounts/service-account-id@project4-414017.iam.gserviceaccount.com",
            "project": "project4-414017",
            "timeouts": null,
            "unique_id": "107383813495347463897"
          },
          "sensitive_attributes": [],
          "private": "eyJlMmJmYjczMC1lY2FhLTExZTYtOGY4OC0zNDM2M2JjN2M0YzAiOnsiY3JlYXRlIjozMDAwMDAwMDAwMDB9fQ=="
        }
      ]
    },
    {
      "mode": "managed",
      "type": "google_service_networking_connection",
      "name": "private_vpc_connection",
      "provider": "provider[\"registry.terraform.io/hashicorp/google\"]",
      "instances": [
        {
          "schema_version": 0,
          "attributes": {
            "deletion_policy": null,
            "id": "projects%2Fproject4-414017%2Fglobal%2Fnetworks%2Fcloudassignmentvpc4:servicenetworking.googleapis.com",
            "network": "projects/project4-414017/global/networks/cloudassignmentvpc4",
            "peering": "servicenetworking-googleapis-com",
            "reserved_peering_ranges": [
              "private-ip-address"
            ],
            "service": "servicenetworking.googleapis.com",
            "timeouts": null
          },
          "sensitive_attributes": [],
          "private": "eyJlMmJmYjczMC1lY2FhLTExZTYtOGY4OC0zNDM2M2JjN2M0YzAiOnsiY3JlYXRlIjo2MDAwMDAwMDAwMDAsImRlbGV0ZSI6NjAwMDAwMDAwMDAwLCJ1cGRhdGUiOjYwMDAwMDAwMDAwMH19",
          "dependencies": [
            "google_compute_global_address.private_ip_address",
            "google_compute_network.vpc"
          ]
        }
      ]
    },
    {
      "mode": "managed",
      "type": "google_sql_database",
      "name": "database",
      "provider": "provider[\"registry.terraform.io/hashicorp/google\"]",
      "instances": [
        {
          "schema_version": 0,
          "attributes": {
            "charset": "UTF8",
            "collation": "en_US.UTF8",
            "deletion_policy": "DELETE",
            "id": "projects/project4-414017/instances/main-instance/databases/webapp",
            "instance": "main-instance",
            "name": "webapp",
            "project": "project4-414017",
            "self_link": "https://sqladmin.googleapis.com/sql/v1beta4/projects/project4-414017/instances/main-instance/databases/webapp",
            "timeouts": null
          },
          "sensitive_attributes": [],
          "private": "eyJlMmJmYjczMC1lY2FhLTExZTYtOGY4OC0zNDM2M2JjN2M0YzAiOnsiY3JlYXRlIjoxMjAwMDAwMDAwMDAwLCJkZWxldGUiOjEyMDAwMDAwMDAwMDAsInVwZGF0ZSI6MTIwMDAwMDAwMDAwMH19",
          "dependencies": [
            "data.google_kms_key_ring.my_key_ring",
            "google_compute_global_address.private_ip_address",
            "google_compute_network.vpc",
            "google_kms_crypto_key.key",
            "google_service_networking_connection.private_vpc_connection",
            "google_sql_database_instance.main"
          ]
        }
      ]
    },
    {
      "mode": "managed",
      "type": "google_sql_database_instance",
      "name": "main",
      "provider": "provider[\"registry.terraform.io/hashicorp/google\"]",
      "instances": [
        {
          "schema_version": 0,
          "attributes": {
            "available_maintenance_versions": [],
            "clone": [],
            "connection_name": "project4-414017:us-east4:main-instance",
            "database_version": "POSTGRES_14",
            "deletion_protection": true,
            "dns_name": "",
            "encryption_key_name": "projects/project4-414017/locations/us-east4/keyRings/my-key-ring/cryptoKeys/crypto-key-name9",
            "first_ip_address": "10.181.0.2",
            "id": "main-instance",
            "instance_type": "CLOUD_SQL_INSTANCE",
            "ip_address": [
              {
                "ip_address": "10.181.0.2",
                "time_to_retire": "",
                "type": "PRIVATE"
              }
            ],
            "maintenance_version": "POSTGRES_14_12.R20240514.00_06",
            "master_instance_name": "",
            "name": "main-instance",
            "private_ip_address": "10.181.0.2",
            "project": "project4-414017",
            "psc_service_attachment_link": "",
            "public_ip_address": "",
            "region": "us-east4",
            "replica_configuration": [],
            "restore_backup_context": [],
            "root_password": null,
            "self_link": "https://sqladmin.googleapis.com/sql/v1beta4/projects/project4-414017/instances/main-instance",
            "server_ca_cert": [
              {
                "cert": "-----BEGIN CERTIFICATE-----\nMIIDfzCCAmegAwIBAgIBADANBgkqhkiG9w0BAQsFADB3MS0wKwYDVQQuEyRiZjA2\nNGM4YS1lZWNmLTRkZGItYThmOC0xYzkzZWI1Mjg0YzkxIzAhBgNVBAMTGkdvb2ds\nZSBDbG91ZCBTUUwgU2VydmVyIENBMRQwEgYDVQQKEwtHb29nbGUsIEluYzELMAkG\nA1UEBhMCVVMwHhcNMjQwNzEwMTgwNzE2WhcNMzQwNzA4MTgwODE2WjB3MS0wKwYD\nVQQuEyRiZjA2NGM4YS1lZWNmLTRkZGItYThmOC0xYzkzZWI1Mjg0YzkxIzAhBgNV\nBAMTGkdvb2dsZSBDbG91ZCBTUUwgU2VydmVyIENBMRQwEgYDVQQKEwtHb29nbGUs\nIEluYzELMAkGA1UEBhMCVVMwggEiMA0GCSqGSIb3DQEBAQUAA4IBDwAwggEKAoIB\nAQCrOecASD3DSpQ7Dl3V2pZe71Ssxl2WIvbjhJhPBVI7KkQ2jcTBYJEjEudTarfK\nMtGK+4oEf8F4bhmapgBOpOg0nu005w3mgOWaoPMjyoHCEE0jvxzFgDn2AMbtoSmU\n9KctmJDRqJXKbN88rjgUN3rFX4eR3fOj/F6dllxkMuJQHAJHcXijWZSnOCCl/78P\ni/ICMj83v0r8gbuPzTUt5JL6/6igkg32HmqS8Y1zEiaYeaQ9Hr02Ueq7UIitN+wc\n6A0yq0SF+IM/v/cZkxLzvm4ZdGGDcvYlZM2ct2fhAjzpxysA7ET04q4mMN047TH8\nj4UFTaIRhBuBqkAl3LFq9NkDAgMBAAGjFjAUMBIGA1UdEwEB/wQIMAYBAf8CAQAw\nDQYJKoZIhvcNAQELBQADggEBACsGbzRwFUn4B5gR+LNtQGBL4T77mh/FhIPQciYe\nnNhBlFtCGAEIVzamyc+2de9sdiYKxwPUi8s5sNcZC9/CkPWUIUcZQTskeKSlnLq5\ne8OqN6CsHqsBIOA9UfFzI/mBrSjIcUa0ja3r3TVY3MknCsXPEDrf/yWnPZW/82mm\nOgdCArGfOeNnsS1IlQXF6H3Hvp/9QsvqJmRpfBZef5yH0bcSUUxwz5/vGcP/FSz/\nh5ks5LqkbTVTyycALeS/yE+oPNEEKEy+2ALlSj3obbIS1yCAlCq6+u0oLmfjZxka\nY+firAdOePFdh+ndu8dQ6e4YV2BQkP+3XcY8InkCNwro4ug=\n-----END CERTIFICATE-----",
                "common_name": "C=US,O=Google\\, Inc,CN=Google Cloud SQL Server CA,dnQualifier=bf064c8a-eecf-4ddb-a8f8-1c93eb5284c9",
                "create_time": "2024-07-10T18:07:16.879Z",
                "expiration_time": "2034-07-08T18:08:16.879Z",
                "sha1_fingerprint": "82754e2614e86bd7c068b0b11f7e9d08ae9fa906"
              }
            ],
            "service_account_email_address": "p1046333155468-ypvxlr@gcp-sa-cloud-sql.iam.gserviceaccount.com",
            "settings": [
              {
                "activation_policy": "ALWAYS",
                "active_directory_config": [],
                "advanced_machine_features": [],
                "availability_type": "REGIONAL",
                "backup_configuration": [
                  {
                    "backup_retention_settings": [
                      {
                        "retained_backups": 7,
                        "retention_unit": "COUNT"
                      }
                    ],
                    "binary_log_enabled": false,
                    "enabled": false,
                    "location": "",
                    "point_in_time_recovery_enabled": false,
                    "start_time": "12:00",
                    "transaction_log_retention_days": 7
                  }
                ],
                "collation": "",
                "connector_enforcement": "NOT_REQUIRED",
                "data_cache_config": [],
                "database_flags": [],
                "deletion_protection_enabled": false,
                "deny_maintenance_period": [],
                "disk_autoresize": true,
                "disk_autoresize_limit": 0,
                "disk_size": 100,
                "disk_type": "PD_SSD",
                "edition": "ENTERPRISE",
                "enable_google_ml_integration": false,
                "insights_config": [],
                "ip_configuration": [
                  {
                    "allocated_ip_range": "",
                    "authorized_networks": [],
                    "enable_private_path_for_google_cloud_services": true,
                    "ipv4_enabled": false,
                    "private_network": "projects/project4-414017/global/networks/cloudassignmentvpc4",
                    "psc_config": [],
                    "require_ssl": false,
                    "ssl_mode": ""
                  }
                ],
                "location_preference": [
                  {
                    "follow_gae_application": "",
                    "secondary_zone": "",
                    "zone": "us-east4-b"
                  }
                ],
                "maintenance_window": [],
                "password_validation_policy": [],
                "pricing_plan": "PER_USE",
                "sql_server_audit_config": [],
                "tier": "db-custom-2-7680",
                "time_zone": "",
                "user_labels": {},
                "version": 4
              }
            ],
            "timeouts": null
          },
          "sensitive_attributes": [
            [
              {
                "type": "get_attr",
                "value": "server_ca_cert"
              }
            ],
            [
              {
                "type": "get_attr",
                "value": "root_password"
              }
            ]
          ],
          "private": "eyJlMmJmYjczMC1lY2FhLTExZTYtOGY4OC0zNDM2M2JjN2M0YzAiOnsiY3JlYXRlIjo1NDAwMDAwMDAwMDAwLCJkZWxldGUiOjU0MDAwMDAwMDAwMDAsInVwZGF0ZSI6NTQwMDAwMDAwMDAwMH19",
          "dependencies": [
            "data.google_kms_key_ring.my_key_ring",
            "google_compute_global_address.private_ip_address",
            "google_compute_network.vpc",
            "google_kms_crypto_key.key",
            "google_service_networking_connection.private_vpc_connection"
          ]
        }
      ]
    },
    {
      "mode": "managed",
      "type": "google_sql_user",
      "name": "users",
      "provider": "provider[\"registry.terraform.io/hashicorp/google\"]",
      "instances": [
        {
          "schema_version": 1,
          "attributes": {
            "deletion_policy": null,
            "host": "",
            "id": "webapp//main-instance",
            "instance": "main-instance",
            "name": "webapp",
            "password": "CrmTLkFO7hdRmjFs",
            "password_policy": [],
            "project": "project4-414017",
            "sql_server_user_details": [],
            "timeouts": null,
            "type": ""
          },
          "sensitive_attributes": [
            [
              {
                "type": "get_attr",
                "value": "password"
              }
            ]
          ],
          "private": "eyJlMmJmYjczMC1lY2FhLTExZTYtOGY4OC0zNDM2M2JjN2M0YzAiOnsiY3JlYXRlIjo2MDAwMDAwMDAwMDAsImRlbGV0ZSI6NjAwMDAwMDAwMDAwLCJ1cGRhdGUiOjYwMDAwMDAwMDAwMH0sInNjaGVtYV92ZXJzaW9uIjoiMSJ9",
          "dependencies": [
            "data.google_kms_key_ring.my_key_ring",
            "google_compute_global_address.private_ip_address",
            "google_compute_network.vpc",
            "google_kms_crypto_key.key",
            "google_service_networking_connection.private_vpc_connection",
            "google_sql_database_instance.main",
            "random_password.password"
          ]
        }
      ]
    },
    {
      "mode": "managed",
      "type": "random_password",
      "name": "password",
      "provider": "provider[\"registry.terraform.io/hashicorp/random\"]",
      "instances": [
        {
          "schema_version": 3,
          "attributes": {
            "bcrypt_hash": "$2a$10$F68VtjhsK1qMdPohYqXCgujFJDdYfv/OiwIwvWZLAon1nQ00ZXN2q",
            "id": "none",
            "keepers": null,
            "length": 16,
            "lower": true,
            "min_lower": 0,
            "min_numeric": 0,
            "min_special": 0,
            "min_upper": 0,
            "number": true,
            "numeric": true,
            "override_special": "#-",
            "result": "CrmTLkFO7hdRmjFs",
            "special": true,
            "upper": true
          },
          "sensitive_attributes": [
            [
              {
                "type": "get_attr",
                "value": "bcrypt_hash"
              }
            ],
            [
              {
                "type": "get_attr",
                "value": "result"
              }
            ]
          ]
        }
      ]
    }
  ],
  "check_results": null
}
